
Microsoft Visual Studio Solution File, Format Version 11.00
# Visual Studio 2010
Project("{FAE04EC0-301F-11D3-BF4B-00C04F79EFBC}") = "Calculator", "Calculator\Calculator.csproj", "{D7BD95C8-A262-49BD-86A2-E7D1D540332B}"
EndProject
Project("{FAE04EC0-301F-11D3-BF4B-00C04F79EFBC}") = "CalculatorTester", "CalculatorTester\CalculatorTester.csproj", "{852137ED-D859-402B-B89A-2CA636C7B97B}"
EndProject
Project("{2150E333-8FDC-42A3-9474-1A3956D46DE8}") = "Solution Items", "Solution Items", "{E84A557B-71DB-46D1-92D6-525093D7A1A9}"
	ProjectSection(SolutionItems) = preProject
		bth02.vsmdi = bth02.vsmdi
		Local.testsettings = Local.testsettings
		TraceAndTestImpact.testsettings = TraceAndTestImpact.testsettings
	EndProjectSection
EndProject
Global
	GlobalSection(TestCaseManagementSettings) = postSolution
		CategoryFile = bth02.vsmdi
	EndGlobalSection
	GlobalSection(SolutionConfigurationPlatforms) = preSolution
		Debug|Any CPU = Debug|Any CPU
		Debug|Mixed Platforms = Debug|Mixed Platforms
		Debug|x86 = Debug|x86
		Release|Any CPU = Release|Any CPU
		Release|Mixed Platforms = Release|Mixed Platforms
		Release|x86 = Release|x86
	EndGlobalSection
	GlobalSection(ProjectConfigurationPlatforms) = postSolution
		{D7BD95C8-A262-49BD-86A2-E7D1D540332B}.Debug|Any CPU.ActiveCfg = Debug|x86
		{D7BD95C8-A262-49BD-86A2-E7D1D540332B}.Debug|Mixed Platforms.ActiveCfg = Debug|x86
		{D7BD95C8-A262-49BD-86A2-E7D1D540332B}.Debug|Mixed Platforms.Build.0 = Debug|x86
		{D7BD95C8-A262-49BD-86A2-E7D1D540332B}.Debug|x86.ActiveCfg = Debug|x86
		{D7BD95C8-A262-49BD-86A2-E7D1D540332B}.Debug|x86.Build.0 = Debug|x86
		{D7BD95C8-A262-49BD-86A2-E7D1D540332B}.Release|Any CPU.ActiveCfg = Release|x86
		{D7BD95C8-A262-49BD-86A2-E7D1D540332B}.Release|Mixed Platforms.ActiveCfg = Release|x86
		{D7BD95C8-A262-49BD-86A2-E7D1D540332B}.Release|Mixed Platforms.Build.0 = Release|x86
		{D7BD95C8-A262-49BD-86A2-E7D1D540332B}.Release|x86.ActiveCfg = Release|x86
		{D7BD95C8-A262-49BD-86A2-E7D1D540332B}.Release|x86.Build.0 = Release|x86
		{852137ED-D859-402B-B89A-2CA636C7B97B}.Debug|Any CPU.ActiveCfg = Debug|Any CPU
		{852137ED-D859-402B-B89A-2CA636C7B97B}.Debug|Any CPU.Build.0 = Debug|Any CPU
		{852137ED-D859-402B-B89A-2CA636C7B97B}.Debug|Mixed Platforms.ActiveCfg = Debug|Any CPU
		{852137ED-D859-402B-B89A-2CA636C7B97B}.Debug|Mixed Platforms.Build.0 = Debug|Any CPU
		{852137ED-D859-402B-B89A-2CA636C7B97B}.Debug|x86.ActiveCfg = Debug|Any CPU
		{852137ED-D859-402B-B89A-2CA636C7B97B}.Release|Any CPU.ActiveCfg = Release|Any CPU
		{852137ED-D859-402B-B89A-2CA636C7B97B}.Release|Any CPU.Build.0 = Release|Any CPU
		{852137ED-D859-402B-B89A-2CA636C7B97B}.Release|Mixed Platforms.ActiveCfg = Release|Any CPU
		{852137ED-D859-402B-B89A-2CA636C7B97B}.Release|Mixed Platforms.Build.0 = Release|Any CPU
		{852137ED-D859-402B-B89A-2CA636C7B97B}.Release|x86.ActiveCfg = Release|Any CPU
	EndGlobalSection
	GlobalSection(SolutionProperties) = preSolution
		HideSolutionNode = FALSE
	EndGlobalSection
EndGlobal
